
Microsoft Visual Studio Solution File, Format Version 12.00
# Visual Studio Version 17
VisualStudioVersion = 17.12.35728.132
MinimumVisualStudioVersion = 10.0.40219.1
Project("{FAE04EC0-301F-11D3-BF4B-00C04F79EFBC}") = "TransitSoft", "TransitSoft\TransitSoft.csproj", "{4E6FA673-FC23-4A68-AE09-D503211512DE}"
EndProject
Project("{FAE04EC0-301F-11D3-BF4B-00C04F79EFBC}") = "TransitSoftDomain", "TransitSoftDomain\TransitSoftDomain.csproj", "{370F3256-BCB7-4389-8022-3065E6BFBB18}"
EndProject
Project("{FAE04EC0-301F-11D3-BF4B-00C04F79EFBC}") = "TransitSoftPersistance", "TransitSoftPersistance\TransitSoftPersistance.csproj", "{2B4A1A3D-CB17-42B9-8D7C-E01FC430128F}"
EndProject
Project("{FAE04EC0-301F-11D3-BF4B-00C04F79EFBC}") = "TransitSoftBusiness", "TransitSoftBusiness\TransitSoftBusiness.csproj", "{6503BB75-C626-46EC-B9ED-47E2F6235E3C}"
EndProject
Global
	GlobalSection(SolutionConfigurationPlatforms) = preSolution
		Debug|Any CPU = Debug|Any CPU
		Release|Any CPU = Release|Any CPU
	EndGlobalSection
	GlobalSection(ProjectConfigurationPlatforms) = postSolution
		{4E6FA673-FC23-4A68-AE09-D503211512DE}.Debug|Any CPU.ActiveCfg = Debug|Any CPU
		{4E6FA673-FC23-4A68-AE09-D503211512DE}.Debug|Any CPU.Build.0 = Debug|Any CPU
		{4E6FA673-FC23-4A68-AE09-D503211512DE}.Release|Any CPU.ActiveCfg = Release|Any CPU
		{4E6FA673-FC23-4A68-AE09-D503211512DE}.Release|Any CPU.Build.0 = Release|Any CPU
		{370F3256-BCB7-4389-8022-3065E6BFBB18}.Debug|Any CPU.ActiveCfg = Debug|Any CPU
		{370F3256-BCB7-4389-8022-3065E6BFBB18}.Debug|Any CPU.Build.0 = Debug|Any CPU
		{370F3256-BCB7-4389-8022-3065E6BFBB18}.Release|Any CPU.ActiveCfg = Release|Any CPU
		{370F3256-BCB7-4389-8022-3065E6BFBB18}.Release|Any CPU.Build.0 = Release|Any CPU
		{2B4A1A3D-CB17-42B9-8D7C-E01FC430128F}.Debug|Any CPU.ActiveCfg = Debug|Any CPU
		{2B4A1A3D-CB17-42B9-8D7C-E01FC430128F}.Debug|Any CPU.Build.0 = Debug|Any CPU
		{2B4A1A3D-CB17-42B9-8D7C-E01FC430128F}.Release|Any CPU.ActiveCfg = Release|Any CPU
		{2B4A1A3D-CB17-42B9-8D7C-E01FC430128F}.Release|Any CPU.Build.0 = Release|Any CPU
		{6503BB75-C626-46EC-B9ED-47E2F6235E3C}.Debug|Any CPU.ActiveCfg = Debug|Any CPU
		{6503BB75-C626-46EC-B9ED-47E2F6235E3C}.Debug|Any CPU.Build.0 = Debug|Any CPU
		{6503BB75-C626-46EC-B9ED-47E2F6235E3C}.Release|Any CPU.ActiveCfg = Release|Any CPU
		{6503BB75-C626-46EC-B9ED-47E2F6235E3C}.Release|Any CPU.Build.0 = Release|Any CPU
	EndGlobalSection
	GlobalSection(SolutionProperties) = preSolution
		HideSolutionNode = FALSE
	EndGlobalSection
EndGlobal
